<Solution>
  <Folder Name="/Docs/">
    <File Path="Docs/AppSysMem-Glossary.md" />
    <File Path="Docs/AppSysMetrics_ImplementationPlan.md" />
    <File Path="Docs/AppSysMetrics_SoftwareSpecification.md" />
    <File Path="Docs/BlazorServerMemLeakResearch01.md" />
  </Folder>
  <Project Path="AppSysMetrics/AppSysMetrics.csproj" />
  <Project Path="Travelogue/Travelogue.csproj" />
  <Project Path="WeatherStatistics/WeatherStatistics.csproj" />
  <Project Path="AppSysMetrics.LeakLab/AppSysMetrics.LeakLab.csproj" />
  <Project Path="AppSysMetrics.LeakLab.Tests/AppSysMetrics.LeakLab.Tests.csproj" />
</Solution>
