<Solution>
  <Folder Name="/Docs/">
    <File Path="Docs/AppSysMem-Glossary.md" />
    <File Path="Docs/AppSysMetrics_ImplementationPlan.md" />
    <File Path="Docs/AppSysMetrics_SoftwareSpecification.md" />
  </Folder>
  <Project Path="AppSysMetrics/AppSysMetrics.csproj" />
  <Project Path="Travelogue/Travelogue.csproj" />
  <Project Path="WeatherStatistics/WeatherStatistics.csproj" />
</Solution>
